
Microsoft Visual Studio Solution File, Format Version 12.00
# Visual Studio Version 17
VisualStudioVersion = 17.1.32328.378
MinimumVisualStudioVersion = 10.0.40219.1
Project("{FAE04EC0-301F-11D3-BF4B-00C04F79EFBC}") = "Contest", "Contest\Contest.csproj", "{0BC968CE-23F6-4295-A9FC-24FBFB41EB76}"
EndProject
Global
	GlobalSection(SolutionConfigurationPlatforms) = preSolution
		Debug|Any CPU = Debug|Any CPU
		Release|Any CPU = Release|Any CPU
	EndGlobalSection
	GlobalSection(ProjectConfigurationPlatforms) = postSolution
		{0BC968CE-23F6-4295-A9FC-24FBFB41EB76}.Debug|Any CPU.ActiveCfg = Debug|Any CPU
		{0BC968CE-23F6-4295-A9FC-24FBFB41EB76}.Debug|Any CPU.Build.0 = Debug|Any CPU
		{0BC968CE-23F6-4295-A9FC-24FBFB41EB76}.Release|Any CPU.ActiveCfg = Release|Any CPU
		{0BC968CE-23F6-4295-A9FC-24FBFB41EB76}.Release|Any CPU.Build.0 = Release|Any CPU
	EndGlobalSection
	GlobalSection(SolutionProperties) = preSolution
		HideSolutionNode = FALSE
	EndGlobalSection
	GlobalSection(ExtensibilityGlobals) = postSolution
		SolutionGuid = {A33247CA-AAD4-45D7-B41A-26AFDA827DD3}
	EndGlobalSection
EndGlobal
